PODS:
  - Flutter (1.0.0)
  - flutter_navigation_bar (0.0.1):
    - Flutter

DEPENDENCIES:
  - Flutter (from `.symlinks/flutter/ios`)
  - flutter_navigation_bar (from `.symlinks/plugins/flutter_navigation_bar/ios`)

EXTERNAL SOURCES:
  Flutter:
    :path: ".symlinks/flutter/ios"
  flutter_navigation_bar:
    :path: ".symlinks/plugins/flutter_navigation_bar/ios"

SPEC CHECKSUMS:
  Flutter: 58dd7d1b27887414a370fcccb9e645c08ffd7a6a
  flutter_navigation_bar: 9ac6cffc1b05bad3c212e5f55a78bf27c2a12d29

PODFILE CHECKSUM: b6a0a141693093b304368d08511b46cf3d1d0ac5

COCOAPODS: 1.7.0
